// !$*UTF8*$!
{
	archiveVersion = 1;
	classes = {
	};
	objectVersion = 48;
	objects = {

/* Begin PBXBuildFile section */
		94C25A3B208F16F2003A3A80 /* AppDelegate.swift in Sources */ = {isa = PBXBuildFile; fileRef = 94C25A3A208F16F2003A3A80 /* AppDelegate.swift */; };
		94C25A3D208F16F2003A3A80 /* ViewController.swift in Sources */ = {isa = PBXBuildFile; fileRef = 94C25A3C208F16F2003A3A80 /* ViewController.swift */; };
		94C25A40208F16F2003A3A80 /* Main.storyboard in Resources */ = {isa = PBXBuildFile; fileRef = 94C25A3E208F16F2003A3A80 /* Main.storyboard */; };
		94C25A43208F16F2003A3A80 /* LiF.xcdatamodeld in Sources */ = {isa = PBXBuildFile; fileRef = 94C25A41208F16F2003A3A80 /* LiF.xcdatamodeld */; };
		94C25A45208F16F2003A3A80 /* Assets.xcassets in Resources */ = {isa = PBXBuildFile; fileRef = 94C25A44208F16F2003A3A80 /* Assets.xcassets */; };
		94C25A48208F16F2003A3A80 /* LaunchScreen.storyboard in Resources */ = {isa = PBXBuildFile; fileRef = 94C25A46208F16F2003A3A80 /* LaunchScreen.storyboard */; };
		94C25A53208F16F3003A3A80 /* LiFTests.swift in Sources */ = {isa = PBXBuildFile; fileRef = 94C25A52208F16F3003A3A80 /* LiFTests.swift */; };
		94C25A5E208F16F3003A3A80 /* LiFUITests.swift in Sources */ = {isa = PBXBuildFile; fileRef = 94C25A5D208F16F3003A3A80 /* LiFUITests.swift */; };
/* End PBXBuildFile section */

/* Begin PBXContainerItemProxy section */
		94C25A4F208F16F3003A3A80 /* PBXContainerItemProxy */ = {
			isa = PBXContainerItemProxy;
			containerPortal = 94C25A2F208F16F2003A3A80 /* Project object */;
			proxyType = 1;
			remoteGlobalIDString = 94C25A36208F16F2003A3A80;
			remoteInfo = LiF;
		};
		94C25A5A208F16F3003A3A80 /* PBXContainerItemProxy */ = {
			isa = PBXContainerItemProxy;
			containerPortal = 94C25A2F208F16F2003A3A80 /* Project object */;
			proxyType = 1;
			remoteGlobalIDString = 94C25A36208F16F2003A3A80;
			remoteInfo = LiF;
		};
/* End PBXContainerItemProxy section */

/* Begin PBXFileReference section */
		94C25A37208F16F2003A3A80 /* LiF.app */ = {isa = PBXFileReference; explicitFileType = wrapper.application; includeInIndex = 0; path = LiF.app; sourceTree = BUILT_PRODUCTS_DIR; };
		94C25A3A208F16F2003A3A80 /* AppDelegate.swift */ = {isa = PBXFileReference; lastKnownFileType = sourcecode.swift; path = AppDelegate.swift; sourceTree = "<group>"; };
		94C25A3C208F16F2003A3A80 /* ViewController.swift */ = {isa = PBXFileReference; lastKnownFileType = sourcecode.swift; path = ViewController.swift; sourceTree = "<group>"; };
		94C25A3F208F16F2003A3A80 /* Base */ = {isa = PBXFileReference; lastKnownFileType = file.storyboard; name = Base; path = Base.lproj/Main.storyboard; sourceTree = "<group>"; };
		94C25A42208F16F2003A3A80 /* LiF.xcdatamodel */ = {isa = PBXFileReference; lastKnownFileType = wrapper.xcdatamodel; path = LiF.xcdatamodel; sourceTree = "<group>"; };
		94C25A44208F16F2003A3A80 /* Assets.xcassets */ = {isa = PBXFileReference; lastKnownFileType = folder.assetcatalog; path = Assets.xcassets; sourceTree = "<group>"; };
		94C25A47208F16F2003A3A80 /* Base */ = {isa = PBXFileReference; lastKnownFileType = file.storyboard; name = Base; path = Base.lproj/LaunchScreen.storyboard; sourceTree = "<group>"; };
		94C25A49208F16F3003A3A80 /* Info.plist */ = {isa = PBXFileReference; lastKnownFileType = text.plist.xml; path = Info.plist; sourceTree = "<group>"; };
		94C25A4E208F16F3003A3A80 /* LiFTests.xctest */ = {isa = PBXFileReference; explicitFileType = wrapper.cfbundle; includeInIndex = 0; path = LiFTests.xctest; sourceTree = BUILT_PRODUCTS_DIR; };
		94C25A52208F16F3003A3A80 /* LiFTests.swift */ = {isa = PBXFileReference; lastKnownFileType = sourcecode.swift; path = LiFTests.swift; sourceTree = "<group>"; };
		94C25A54208F16F3003A3A80 /* Info.plist */ = {isa = PBXFileReference; lastKnownFileType = text.plist.xml; path = Info.plist; sourceTree = "<group>"; };
		94C25A59208F16F3003A3A80 /* LiFUITests.xctest */ = {isa = PBXFileReference; explicitFileType = wrapper.cfbundle; includeInIndex = 0; path = LiFUITests.xctest; sourceTree = BUILT_PRODUCTS_DIR; };
		94C25A5D208F16F3003A3A80 /* LiFUITests.swift */ = {isa = PBXFileReference; lastKnownFileType = sourcecode.swift; path = LiFUITests.swift; sourceTree = "<group>"; };
		94C25A5F208F16F3003A3A80 /* Info.plist */ = {isa = PBXFileReference; lastKnownFileType = text.plist.xml; path = Info.plist; sourceTree = "<group>"; };
/* End PBXFileReference section */

/* Begin PBXFrameworksBuildPhase section */
		94C25A34208F16F2003A3A80 /* Frameworks */ = {
			isa = PBXFrameworksBuildPhase;
			buildActionMask = 2147483647;
			files = (
			);
			runOnlyForDeploymentPostprocessing = 0;
		};
		94C25A4B208F16F3003A3A80 /* Frameworks */ = {
			isa = PBXFrameworksBuildPhase;
			buildActionMask = 2147483647;
			files = (
			);
			runOnlyForDeploymentPostprocessing = 0;
		};
		94C25A56208F16F3003A3A80 /* Frameworks */ = {
			isa = PBXFrameworksBuildPhase;
			buildActionMask = 2147483647;
			files = (
			);
			runOnlyForDeploymentPostprocessing = 0;
		};
/* End PBXFrameworksBuildPhase section */

/* Begin PBXGroup section */
		94C25A2E208F16F2003A3A80 = {
			isa = PBXGroup;
			children = (
				94C25A39208F16F2003A3A80 /* LiF */,
				94C25A51208F16F3003A3A80 /* LiFTests */,
				94C25A5C208F16F3003A3A80 /* LiFUITests */,
				94C25A38208F16F2003A3A80 /* Products */,
			);
			sourceTree = "<group>";
		};
		94C25A38208F16F2003A3A80 /* Products */ = {
			isa = PBXGroup;
			children = (
				94C25A37208F16F2003A3A80 /* LiF.app */,
				94C25A4E208F16F3003A3A80 /* LiFTests.xctest */,
				94C25A59208F16F3003A3A80 /* LiFUITests.xctest */,
			);
			name = Products;
			sourceTree = "<group>";
		};
		94C25A39208F16F2003A3A80 /* LiF */ = {
			isa = PBXGroup;
			children = (
				94C25A3A208F16F2003A3A80 /* AppDelegate.swift */,
				94C25A3C208F16F2003A3A80 /* ViewController.swift */,
				94C25A3E208F16F2003A3A80 /* Main.storyboard */,
				94C25A44208F16F2003A3A80 /* Assets.xcassets */,
				94C25A46208F16F2003A3A80 /* LaunchScreen.storyboard */,
				94C25A49208F16F3003A3A80 /* Info.plist */,
				94C25A41208F16F2003A3A80 /* LiF.xcdatamodeld */,
			);
			path = LiF;
			sourceTree = "<group>";
		};
		94C25A51208F16F3003A3A80 /* LiFTests */ = {
			isa = PBXGroup;
			children = (
				94C25A52208F16F3003A3A80 /* LiFTests.swift */,
				94C25A54208F16F3003A3A80 /* Info.plist */,
			);
			path = LiFTests;
			sourceTree = "<group>";
		};
		94C25A5C208F16F3003A3A80 /* LiFUITests */ = {
			isa = PBXGroup;
			children = (
				94C25A5D208F16F3003A3A80 /* LiFUITests.swift */,
				94C25A5F208F16F3003A3A80 /* Info.plist */,
			);
			path = LiFUITests;
			sourceTree = "<group>";
		};
/* End PBXGroup section */

/* Begin PBXNativeTarget section */
		94C25A36208F16F2003A3A80 /* LiF */ = {
			isa = PBXNativeTarget;
			buildConfigurationList = 94C25A62208F16F3003A3A80 /* Build configuration list for PBXNativeTarget "LiF" */;
			buildPhases = (
				94C25A33208F16F2003A3A80 /* Sources */,
				94C25A34208F16F2003A3A80 /* Frameworks */,
				94C25A35208F16F2003A3A80 /* Resources */,
			);
			buildRules = (
			);
			dependencies = (
			);
			name = LiF;
			productName = LiF;
			productReference = 94C25A37208F16F2003A3A80 /* LiF.app */;
			productType = "com.apple.product-type.application";
		};
		94C25A4D208F16F3003A3A80 /* LiFTests */ = {
			isa = PBXNativeTarget;
			buildConfigurationList = 94C25A65208F16F3003A3A80 /* Build configuration list for PBXNativeTarget "LiFTests" */;
			buildPhases = (
				94C25A4A208F16F3003A3A80 /* Sources */,
				94C25A4B208F16F3003A3A80 /* Frameworks */,
				94C25A4C208F16F3003A3A80 /* Resources */,
			);
			buildRules = (
			);
			dependencies = (
				94C25A50208F16F3003A3A80 /* PBXTargetDependency */,
			);
			name = LiFTests;
			productName = LiFTests;
			productReference = 94C25A4E208F16F3003A3A80 /* LiFTests.xctest */;
			productType = "com.apple.product-type.bundle.unit-test";
		};
		94C25A58208F16F3003A3A80 /* LiFUITests */ = {
			isa = PBXNativeTarget;
			buildConfigurationList = 94C25A68208F16F3003A3A80 /* Build configuration list for PBXNativeTarget "LiFUITests" */;
			buildPhases = (
				94C25A55208F16F3003A3A80 /* Sources */,
				94C25A56208F16F3003A3A80 /* Frameworks */,
				94C25A57208F16F3003A3A80 /* Resources */,
			);
			buildRules = (
			);
			dependencies = (
				94C25A5B208F16F3003A3A80 /* PBXTargetDependency */,
			);
			name = LiFUITests;
			productName = LiFUITests;
			productReference = 94C25A59208F16F3003A3A80 /* LiFUITests.xctest */;
			productType = "com.apple.product-type.bundle.ui-testing";
		};
/* End PBXNativeTarget section */

/* Begin PBXProject section */
		94C25A2F208F16F2003A3A80 /* Project object */ = {
			isa = PBXProject;
			attributes = {
				LastSwiftUpdateCheck = 0920;
				LastUpgradeCheck = 0920;
				ORGANIZATIONNAME = "YANG FENG LI";
				TargetAttributes = {
					94C25A36208F16F2003A3A80 = {
						CreatedOnToolsVersion = 9.2;
						ProvisioningStyle = Automatic;
					};
					94C25A4D208F16F3003A3A80 = {
						CreatedOnToolsVersion = 9.2;
						ProvisioningStyle = Automatic;
						TestTargetID = 94C25A36208F16F2003A3A80;
					};
					94C25A58208F16F3003A3A80 = {
						CreatedOnToolsVersion = 9.2;
						ProvisioningStyle = Automatic;
						TestTargetID = 94C25A36208F16F2003A3A80;
					};
				};
			};
			buildConfigurationList = 94C25A32208F16F2003A3A80 /* Build configuration list for PBXProject "LiF" */;
			compatibilityVersion = "Xcode 8.0";
			developmentRegion = en;
			hasScannedForEncodings = 0;
			knownRegions = (
				en,
				Base,
			);
			mainGroup = 94C25A2E208F16F2003A3A80;
			productRefGroup = 94C25A38208F16F2003A3A80 /* Products */;
			projectDirPath = "";
			projectRoot = "";
			targets = (
				94C25A36208F16F2003A3A80 /* LiF */,
				94C25A4D208F16F3003A3A80 /* LiFTests */,
				94C25A58208F16F3003A3A80 /* LiFUITests */,
			);
		};
/* End PBXProject section */

/* Begin PBXResourcesBuildPhase section */
		94C25A35208F16F2003A3A80 /* Resources */ = {
			isa = PBXResourcesBuildPhase;
			buildActionMask = 2147483647;
			files = (
				94C25A48208F16F2003A3A80 /* LaunchScreen.storyboard in Resources */,
				94C25A45208F16F2003A3A80 /* Assets.xcassets in Resources */,
				94C25A40208F16F2003A3A80 /* Main.storyboard in Resources */,
			);
			runOnlyForDeploymentPostprocessing = 0;
		};
		94C25A4C208F16F3003A3A80 /* Resources */ = {
			isa = PBXResourcesBuildPhase;
			buildActionMask = 2147483647;
			files = (
			);
			runOnlyForDeploymentPostprocessing = 0;
		};
		94C25A57208F16F3003A3A80 /* Resources */ = {
			isa = PBXResourcesBuildPhase;
			buildActionMask = 2147483647;
			files = (
			);
			runOnlyForDeploymentPostprocessing = 0;
		};
/* End PBXResourcesBuildPhase section */

/* Begin PBXSourcesBuildPhase section */
		94C25A33208F16F2003A3A80 /* Sources */ = {
			isa = PBXSourcesBuildPhase;
			buildActionMask = 2147483647;
			files = (
				94C25A3D208F16F2003A3A80 /* ViewController.swift in Sources */,
				94C25A43208F16F2003A3A80 /* LiF.xcdatamodeld in Sources */,
				94C25A3B208F16F2003A3A80 /* AppDelegate.swift in Sources */,
			);
			runOnlyForDeploymentPostprocessing = 0;
		};
		94C25A4A208F16F3003A3A80 /* Sources */ = {
			isa = PBXSourcesBuildPhase;
			buildActionMask = 2147483647;
			files = (
				94C25A53208F16F3003A3A80 /* LiFTests.swift in Sources */,
			);
			runOnlyForDeploymentPostprocessing = 0;
		};
		94C25A55208F16F3003A3A80 /* Sources */ = {
			isa = PBXSourcesBuildPhase;
			buildActionMask = 2147483647;
			files = (
				94C25A5E208F16F3003A3A80 /* LiFUITests.swift in Sources */,
			);
			runOnlyForDeploymentPostprocessing = 0;
		};
/* End PBXSourcesBuildPhase section */

/* Begin PBXTargetDependency section */
		94C25A50208F16F3003A3A80 /* PBXTargetDependency */ = {
			isa = PBXTargetDependency;
			target = 94C25A36208F16F2003A3A80 /* LiF */;
			targetProxy = 94C25A4F208F16F3003A3A80 /* PBXContainerItemProxy */;
		};
		94C25A5B208F16F3003A3A80 /* PBXTargetDependency */ = {
			isa = PBXTargetDependency;
			target = 94C25A36208F16F2003A3A80 /* LiF */;
			targetProxy = 94C25A5A208F16F3003A3A80 /* PBXContainerItemProxy */;
		};
/* End PBXTargetDependency section */

/* Begin PBXVariantGroup section */
		94C25A3E208F16F2003A3A80 /* Main.storyboard */ = {
			isa = PBXVariantGroup;
			children = (
				94C25A3F208F16F2003A3A80 /* Base */,
			);
			name = Main.storyboard;
			sourceTree = "<group>";
		};
		94C25A46208F16F2003A3A80 /* LaunchScreen.storyboard */ = {
			isa = PBXVariantGroup;
			children = (
				94C25A47208F16F2003A3A80 /* Base */,
			);
			name = LaunchScreen.storyboard;
			sourceTree = "<group>";
		};
/* End PBXVariantGroup section */

/* Begin XCBuildConfiguration section */
		94C25A60208F16F3003A3A80 /* Debug */ = {
			isa = XCBuildConfiguration;
			buildSettings = {
				ALWAYS_SEARCH_USER_PATHS = NO;
				CLANG_ANALYZER_NONNULL = YES;
				CLANG_ANALYZER_NUMBER_OBJECT_CONVERSION = YES_AGGRESSIVE;
				CLANG_CXX_LANGUAGE_STANDARD = "gnu++14";
				CLANG_CXX_LIBRARY = "libc++";
				CLANG_ENABLE_MODULES = YES;
				CLANG_ENABLE_OBJC_ARC = YES;
				CLANG_WARN_BLOCK_CAPTURE_AUTORELEASING = YES;
				CLANG_WARN_BOOL_CONVERSION = YES;
				CLANG_WARN_COMMA = YES;
				CLANG_WARN_CONSTANT_CONVERSION = YES;
				CLANG_WARN_DIRECT_OBJC_ISA_USAGE = YES_ERROR;
				CLANG_WARN_DOCUMENTATION_COMMENTS = YES;
				CLANG_WARN_EMPTY_BODY = YES;
				CLANG_WARN_ENUM_CONVERSION = YES;
				CLANG_WARN_INFINITE_RECURSION = YES;
				CLANG_WARN_INT_CONVERSION = YES;
				CLANG_WARN_NON_LITERAL_NULL_CONVERSION = YES;
				CLANG_WARN_OBJC_LITERAL_CONVERSION = YES;
				CLANG_WARN_OBJC_ROOT_CLASS = YES_ERROR;
				CLANG_WARN_RANGE_LOOP_ANALYSIS = YES;
				CLANG_WARN_STRICT_PROTOTYPES = YES;
				CLANG_WARN_SUSPICIOUS_MOVE = YES;
				CLANG_WARN_UNGUARDED_AVAILABILITY = YES_AGGRESSIVE;
				CLANG_WARN_UNREACHABLE_CODE = YES;
				CLANG_WARN__DUPLICATE_METHOD_MATCH = YES;
				CODE_SIGN_IDENTITY = "iPhone Developer";
				COPY_PHASE_STRIP = NO;
				DEBUG_INFORMATION_FORMAT = dwarf;
				ENABLE_STRICT_OBJC_MSGSEND = YES;
				ENABLE_TESTABILITY = YES;
				GCC_C_LANGUAGE_STANDARD = gnu11;
				GCC_DYNAMIC_NO_PIC = NO;
				GCC_NO_COMMON_BLOCKS = YES;
				GCC_OPTIMIZATION_LEVEL = 0;
				GCC_PREPROCESSOR_DEFINITIONS = (
					"DEBUG=1",
					"$(inherited)",
				);
				GCC_WARN_64_TO_32_BIT_CONVERSION = YES;
				GCC_WARN_ABOUT_RETURN_TYPE = YES_ERROR;
				GCC_WARN_UNDECLARED_SELECTOR = YES;
				GCC_WARN_UNINITIALIZED_AUTOS = YES_AGGRESSIVE;
				GCC_WARN_UNUSED_FUNCTION = YES;
				GCC_WARN_UNUSED_VARIABLE = YES;
				IPHONEOS_DEPLOYMENT_TARGET = 11.2;
				MTL_ENABLE_DEBUG_INFO = YES;
				ONLY_ACTIVE_ARCH = YES;
				SDKROOT = iphoneos;
				SWIFT_ACTIVE_COMPILATION_CONDITIONS = DEBUG;
				SWIFT_OPTIMIZATION_LEVEL = "-Onone";
			};
			name = Debug;
		};
		94C25A61208F16F3003A3A80 /* Release */ = {
			isa = XCBuildConfiguration;
			buildSettings = {
				ALWAYS_SEARCH_USER_PATHS = NO;
				CLANG_ANALYZER_NONNULL = YES;
				CLANG_ANALYZER_NUMBER_OBJECT_CONVERSION = YES_AGGRESSIVE;
				CLANG_CXX_LANGUAGE_STANDARD = "gnu++14";
				CLANG_CXX_LIBRARY = "libc++";
				CLANG_ENABLE_MODULES = YES;
				CLANG_ENABLE_OBJC_ARC = YES;
				CLANG_WARN_BLOCK_CAPTURE_AUTORELEASING = YES;
				CLANG_WARN_BOOL_CONVERSION = YES;
				CLANG_WARN_COMMA = YES;
				CLANG_WARN_CONSTANT_CONVERSION = YES;
				CLANG_WARN_DIRECT_OBJC_ISA_USAGE = YES_ERROR;
				CLANG_WARN_DOCUMENTATION_COMMENTS = YES;
				CLANG_WARN_EMPTY_BODY = YES;
				CLANG_WARN_ENUM_CONVERSION = YES;
				CLANG_WARN_INFINITE_RECURSION = YES;
				CLANG_WARN_INT_CONVERSION = YES;
				CLANG_WARN_NON_LITERAL_NULL_CONVERSION = YES;
				CLANG_WARN_OBJC_LITERAL_CONVERSION = YES;
				CLANG_WARN_OBJC_ROOT_CLASS = YES_ERROR;
				CLANG_WARN_RANGE_LOOP_ANALYSIS = YES;
				CLANG_WARN_STRICT_PROTOTYPES = YES;
				CLANG_WARN_SUSPICIOUS_MOVE = YES;
				CLANG_WARN_UNGUARDED_AVAILABILITY = YES_AGGRESSIVE;
				CLANG_WARN_UNREACHABLE_CODE = YES;
				CLANG_WARN__DUPLICATE_METHOD_MATCH = YES;
				CODE_SIGN_IDENTITY = "iPhone Developer";
				COPY_PHASE_STRIP = NO;
				DEBUG_INFORMATION_FORMAT = "dwarf-with-dsym";
				ENABLE_NS_ASSERTIONS = NO;
				ENABLE_STRICT_OBJC_MSGSEND = YES;
				GCC_C_LANGUAGE_STANDARD = gnu11;
				GCC_NO_COMMON_BLOCKS = YES;
				GCC_WARN_64_TO_32_BIT_CONVERSION = YES;
				GCC_WARN_ABOUT_RETURN_TYPE = YES_ERROR;
				GCC_WARN_UNDECLARED_SELECTOR = YES;
				GCC_WARN_UNINITIALIZED_AUTOS = YES_AGGRESSIVE;
				GCC_WARN_UNUSED_FUNCTION = YES;
				GCC_WARN_UNUSED_VARIABLE = YES;
				IPHONEOS_DEPLOYMENT_TARGET = 11.2;
				MTL_ENABLE_DEBUG_INFO = NO;
				SDKROOT = iphoneos;
				SWIFT_OPTIMIZATION_LEVEL = "-Owholemodule";
				VALIDATE_PRODUCT = YES;
			};
			name = Release;
		};
		94C25A63208F16F3003A3A80 /* Debug */ = {
			isa = XCBuildConfiguration;
			buildSettings = {
				ASSETCATALOG_COMPILER_APPICON_NAME = AppIcon;
				CODE_SIGN_STYLE = Automatic;
				DEVELOPMENT_TEAM = 24SM6522LU;
				INFOPLIST_FILE = LiF/Info.plist;
				LD_RUNPATH_SEARCH_PATHS = "$(inherited) @executable_path/Frameworks";
				PRODUCT_BUNDLE_IDENTIFIER = deakin.LiF;
				PRODUCT_NAME = "$(TARGET_NAME)";
				SWIFT_VERSION = 4.0;
				TARGETED_DEVICE_FAMILY = "1,2";
			};
			name = Debug;
		};
		94C25A64208F16F3003A3A80 /* Release */ = {
			isa = XCBuildConfiguration;
			buildSettings = {
				ASSETCATALOG_COMPILER_APPICON_NAME = AppIcon;
				CODE_SIGN_STYLE = Automatic;
				DEVELOPMENT_TEAM = 24SM6522LU;
				INFOPLIST_FILE = LiF/Info.plist;
				LD_RUNPATH_SEARCH_PATHS = "$(inherited) @executable_path/Frameworks";
				PRODUCT_BUNDLE_IDENTIFIER = deakin.LiF;
				PRODUCT_NAME = "$(TARGET_NAME)";
				SWIFT_VERSION = 4.0;
				TARGETED_DEVICE_FAMILY = "1,2";
			};
			name = Release;
		};
		94C25A66208F16F3003A3A80 /* Debug */ = {
			isa = XCBuildConfiguration;
			buildSettings = {
				ALWAYS_EMBED_SWIFT_STANDARD_LIBRARIES = YES;
				BUNDLE_LOADER = "$(TEST_HOST)";
				CODE_SIGN_STYLE = Automatic;
				DEVELOPMENT_TEAM = 24SM6522LU;
				INFOPLIST_FILE = LiFTests/Info.plist;
				LD_RUNPATH_SEARCH_PATHS = "$(inherited) @executable_path/Frameworks @loader_path/Frameworks";
				PRODUCT_BUNDLE_IDENTIFIER = deakin.LiFTests;
				PRODUCT_NAME = "$(TARGET_NAME)";
				SWIFT_VERSION = 4.0;
				TARGETED_DEVICE_FAMILY = "1,2";
				TEST_HOST = "$(BUILT_PRODUCTS_DIR)/LiF.app/LiF";
			};
			name = Debug;
		};
		94C25A67208F16F3003A3A80 /* Release */ = {
			isa = XCBuildConfiguration;
			buildSettings = {
				ALWAYS_EMBED_SWIFT_STANDARD_LIBRARIES = YES;
				BUNDLE_LOADER = "$(TEST_HOST)";
				CODE_SIGN_STYLE = Automatic;
				DEVELOPMENT_TEAM = 24SM6522LU;
				INFOPLIST_FILE = LiFTests/Info.plist;
				LD_RUNPATH_SEARCH_PATHS = "$(inherited) @executable_path/Frameworks @loader_path/Frameworks";
				PRODUCT_BUNDLE_IDENTIFIER = deakin.LiFTests;
				PRODUCT_NAME = "$(TARGET_NAME)";
				SWIFT_VERSION = 4.0;
				TARGETED_DEVICE_FAMILY = "1,2";
				TEST_HOST = "$(BUILT_PRODUCTS_DIR)/LiF.app/LiF";
			};
			name = Release;
		};
		94C25A69208F16F3003A3A80 /* Debug */ = {
			isa = XCBuildConfiguration;
			buildSettings = {
				ALWAYS_EMBED_SWIFT_STANDARD_LIBRARIES = YES;
				CODE_SIGN_STYLE = Automatic;
				DEVELOPMENT_TEAM = 24SM6522LU;
				INFOPLIST_FILE = LiFUITests/Info.plist;
				LD_RUNPATH_SEARCH_PATHS = "$(inherited) @executable_path/Frameworks @loader_path/Frameworks";
				PRODUCT_BUNDLE_IDENTIFIER = deakin.LiFUITests;
				PRODUCT_NAME = "$(TARGET_NAME)";
				SWIFT_VERSION = 4.0;
				TARGETED_DEVICE_FAMILY = "1,2";
				TEST_TARGET_NAME = LiF;
			};
			name = Debug;
		};
		94C25A6A208F16F3003A3A80 /* Release */ = {
			isa = XCBuildConfiguration;
			buildSettings = {
				ALWAYS_EMBED_SWIFT_STANDARD_LIBRARIES = YES;
				CODE_SIGN_STYLE = Automatic;
				DEVELOPMENT_TEAM = 24SM6522LU;
				INFOPLIST_FILE = LiFUITests/Info.plist;
				LD_RUNPATH_SEARCH_PATHS = "$(inherited) @executable_path/Frameworks @loader_path/Frameworks";
				PRODUCT_BUNDLE_IDENTIFIER = deakin.LiFUITests;
				PRODUCT_NAME = "$(TARGET_NAME)";
				SWIFT_VERSION = 4.0;
				TARGETED_DEVICE_FAMILY = "1,2";
				TEST_TARGET_NAME = LiF;
			};
			name = Release;
		};
/* End XCBuildConfiguration section */

/* Begin XCConfigurationList section */
		94C25A32208F16F2003A3A80 /* Build configuration list for PBXProject "LiF" */ = {
			isa = XCConfigurationList;
			buildConfigurations = (
				94C25A60208F16F3003A3A80 /* Debug */,
				94C25A61208F16F3003A3A80 /* Release */,
			);
			defaultConfigurationIsVisible = 0;
			defaultConfigurationName = Release;
		};
		94C25A62208F16F3003A3A80 /* Build configuration list for PBXNativeTarget "LiF" */ = {
			isa = XCConfigurationList;
			buildConfigurations = (
				94C25A63208F16F3003A3A80 /* Debug */,
				94C25A64208F16F3003A3A80 /* Release */,
			);
			defaultConfigurationIsVisible = 0;
			defaultConfigurationName = Release;
		};
		94C25A65208F16F3003A3A80 /* Build configuration list for PBXNativeTarget "LiFTests" */ = {
			isa = XCConfigurationList;
			buildConfigurations = (
				94C25A66208F16F3003A3A80 /* Debug */,
				94C25A67208F16F3003A3A80 /* Release */,
			);
			defaultConfigurationIsVisible = 0;
			defaultConfigurationName = Release;
		};
		94C25A68208F16F3003A3A80 /* Build configuration list for PBXNativeTarget "LiFUITests" */ = {
			isa = XCConfigurationList;
			buildConfigurations = (
				94C25A69208F16F3003A3A80 /* Debug */,
				94C25A6A208F16F3003A3A80 /* Release */,
			);
			defaultConfigurationIsVisible = 0;
			defaultConfigurationName = Release;
		};
/* End XCConfigurationList section */

/* Begin XCVersionGroup section */
		94C25A41208F16F2003A3A80 /* LiF.xcdatamodeld */ = {
			isa = XCVersionGroup;
			children = (
				94C25A42208F16F2003A3A80 /* LiF.xcdatamodel */,
			);
			currentVersion = 94C25A42208F16F2003A3A80 /* LiF.xcdatamodel */;
			path = LiF.xcdatamodeld;
			sourceTree = "<group>";
			versionGroupType = wrapper.xcdatamodel;
		};
/* End XCVersionGroup section */
	};
	rootObject = 94C25A2F208F16F2003A3A80 /* Project object */;
}
